
Microsoft Visual Studio Solution File, Format Version 12.00
# Visual Studio Version 17
Project("{2150E333-8FDC-42A3-9474-1A3956D46DE8}") = "CMakePredefinedTargets", "CMakePredefinedTargets", "{483E21BE-8874-3F63-8142-39A5EC16DFBC}"
EndProject
Project("{2150E333-8FDC-42A3-9474-1A3956D46DE8}") = "External", "External", "{C0A0D224-DC0B-3C0C-A292-206DD71CB5C7}"
EndProject
Project("{2150E333-8FDC-42A3-9474-1A3956D46DE8}") = "Internal", "Internal", "{7DC1CE1A-313A-3A8C-9118-36B72CE4D06F}"
EndProject
Project("{2150E333-8FDC-42A3-9474-1A3956D46DE8}") = "Utils", "Utils", "{36E9C8BC-FFD3-3813-ABCE-334A2FE1F947}"
EndProject
Project("{8BC9CEB8-8B4A-11D0-8D11-00A0C91BC942}") = "ALL_BUILD", "ALL_BUILD.vcxproj", "{24E84A9A-3D18-365F-9CAA-1B6CADC61464}"
	ProjectSection(ProjectDependencies) = postProject
		{2C70A79C-D230-3C79-ADE7-82A948AFAD3D} = {2C70A79C-D230-3C79-ADE7-82A948AFAD3D}
		{908F5628-FF1A-315F-85D4-7E286E10A718} = {908F5628-FF1A-315F-85D4-7E286E10A718}
		{0E9F6A9C-273C-35D2-A292-8A60708C4225} = {0E9F6A9C-273C-35D2-A292-8A60708C4225}
		{D79F3B2F-33CB-3795-B3E7-FED9A393EC9C} = {D79F3B2F-33CB-3795-B3E7-FED9A393EC9C}
		{5E392EC6-F028-369D-A7DF-2E6E8704B985} = {5E392EC6-F028-369D-A7DF-2E6E8704B985}
		{8F476DFD-5BF1-3C68-A260-A4E969745350} = {8F476DFD-5BF1-3C68-A260-A4E969745350}
		{8B0B04A1-A7FC-3602-8CD9-93972CCF2841} = {8B0B04A1-A7FC-3602-8CD9-93972CCF2841}
		{3832E79A-969B-3AC1-8D97-09DFA311E4CB} = {3832E79A-969B-3AC1-8D97-09DFA311E4CB}
		{F1B69197-5A5A-3754-B789-9D3329D8E9F7} = {F1B69197-5A5A-3754-B789-9D3329D8E9F7}
		{5B943928-895C-37D7-B335-9BC0DD457BAB} = {5B943928-895C-37D7-B335-9BC0DD457BAB}
		{945D6A34-4B6F-3EE7-879F-625C5E58386C} = {945D6A34-4B6F-3EE7-879F-625C5E58386C}
		{5F7FCFD0-52E4-3CB1-84C6-FC2EEE513E56} = {5F7FCFD0-52E4-3CB1-84C6-FC2EEE513E56}
		{FAB466B7-8C5A-31FD-A5DF-EAC11475F35A} = {FAB466B7-8C5A-31FD-A5DF-EAC11475F35A}
		{71744994-385C-30AC-8E68-C0A0E0678C26} = {71744994-385C-30AC-8E68-C0A0E0678C26}
		{D26D8196-1CDE-3130-B64B-C5212C40E5C5} = {D26D8196-1CDE-3130-B64B-C5212C40E5C5}
	EndProjectSection
EndProject
Project("{8BC9CEB8-8B4A-11D0-8D11-00A0C91BC942}") = "SYNC_RESOURCE-game", "SYNC_RESOURCE-game.vcxproj", "{2C70A79C-D230-3C79-ADE7-82A948AFAD3D}"
	ProjectSection(ProjectDependencies) = postProject
		{908F5628-FF1A-315F-85D4-7E286E10A718} = {908F5628-FF1A-315F-85D4-7E286E10A718}
	EndProjectSection
EndProject
Project("{8BC9CEB8-8B4A-11D0-8D11-00A0C91BC942}") = "ZERO_CHECK", "ZERO_CHECK.vcxproj", "{908F5628-FF1A-315F-85D4-7E286E10A718}"
	ProjectSection(ProjectDependencies) = postProject
	EndProjectSection
EndProject
Project("{8BC9CEB8-8B4A-11D0-8D11-00A0C91BC942}") = "cocos2d", "engine\cocos\core\cocos2d.vcxproj", "{0E9F6A9C-273C-35D2-A292-8A60708C4225}"
	ProjectSection(ProjectDependencies) = postProject
		{908F5628-FF1A-315F-85D4-7E286E10A718} = {908F5628-FF1A-315F-85D4-7E286E10A718}
		{D79F3B2F-33CB-3795-B3E7-FED9A393EC9C} = {D79F3B2F-33CB-3795-B3E7-FED9A393EC9C}
		{5E392EC6-F028-369D-A7DF-2E6E8704B985} = {5E392EC6-F028-369D-A7DF-2E6E8704B985}
		{8F476DFD-5BF1-3C68-A260-A4E969745350} = {8F476DFD-5BF1-3C68-A260-A4E969745350}
		{8B0B04A1-A7FC-3602-8CD9-93972CCF2841} = {8B0B04A1-A7FC-3602-8CD9-93972CCF2841}
		{3832E79A-969B-3AC1-8D97-09DFA311E4CB} = {3832E79A-969B-3AC1-8D97-09DFA311E4CB}
		{F1B69197-5A5A-3754-B789-9D3329D8E9F7} = {F1B69197-5A5A-3754-B789-9D3329D8E9F7}
		{5B943928-895C-37D7-B335-9BC0DD457BAB} = {5B943928-895C-37D7-B335-9BC0DD457BAB}
		{945D6A34-4B6F-3EE7-879F-625C5E58386C} = {945D6A34-4B6F-3EE7-879F-625C5E58386C}
		{5F7FCFD0-52E4-3CB1-84C6-FC2EEE513E56} = {5F7FCFD0-52E4-3CB1-84C6-FC2EEE513E56}
		{FAB466B7-8C5A-31FD-A5DF-EAC11475F35A} = {FAB466B7-8C5A-31FD-A5DF-EAC11475F35A}
		{71744994-385C-30AC-8E68-C0A0E0678C26} = {71744994-385C-30AC-8E68-C0A0E0678C26}
	EndProjectSection
EndProject
Project("{8BC9CEB8-8B4A-11D0-8D11-00A0C91BC942}") = "ext_clipper", "engine\external\clipper\ext_clipper.vcxproj", "{D79F3B2F-33CB-3795-B3E7-FED9A393EC9C}"
	ProjectSection(ProjectDependencies) = postProject
		{908F5628-FF1A-315F-85D4-7E286E10A718} = {908F5628-FF1A-315F-85D4-7E286E10A718}
	EndProjectSection
EndProject
Project("{8BC9CEB8-8B4A-11D0-8D11-00A0C91BC942}") = "ext_convertUTF", "engine\external\ConvertUTF\ext_convertUTF.vcxproj", "{5E392EC6-F028-369D-A7DF-2E6E8704B985}"
	ProjectSection(ProjectDependencies) = postProject
		{908F5628-FF1A-315F-85D4-7E286E10A718} = {908F5628-FF1A-315F-85D4-7E286E10A718}
	EndProjectSection
EndProject
Project("{8BC9CEB8-8B4A-11D0-8D11-00A0C91BC942}") = "ext_edtaa3func", "engine\external\edtaa3func\ext_edtaa3func.vcxproj", "{8F476DFD-5BF1-3C68-A260-A4E969745350}"
	ProjectSection(ProjectDependencies) = postProject
		{908F5628-FF1A-315F-85D4-7E286E10A718} = {908F5628-FF1A-315F-85D4-7E286E10A718}
	EndProjectSection
EndProject
Project("{8BC9CEB8-8B4A-11D0-8D11-00A0C91BC942}") = "ext_md5", "engine\external\md5\ext_md5.vcxproj", "{8B0B04A1-A7FC-3602-8CD9-93972CCF2841}"
	ProjectSection(ProjectDependencies) = postProject
		{908F5628-FF1A-315F-85D4-7E286E10A718} = {908F5628-FF1A-315F-85D4-7E286E10A718}
	EndProjectSection
EndProject
Project("{8BC9CEB8-8B4A-11D0-8D11-00A0C91BC942}") = "ext_poly2tri", "engine\external\poly2tri\ext_poly2tri.vcxproj", "{3832E79A-969B-3AC1-8D97-09DFA311E4CB}"
	ProjectSection(ProjectDependencies) = postProject
		{908F5628-FF1A-315F-85D4-7E286E10A718} = {908F5628-FF1A-315F-85D4-7E286E10A718}
	EndProjectSection
EndProject
Project("{8BC9CEB8-8B4A-11D0-8D11-00A0C91BC942}") = "ext_recast", "engine\external\recast\ext_recast.vcxproj", "{F1B69197-5A5A-3754-B789-9D3329D8E9F7}"
	ProjectSection(ProjectDependencies) = postProject
		{908F5628-FF1A-315F-85D4-7E286E10A718} = {908F5628-FF1A-315F-85D4-7E286E10A718}
	EndProjectSection
EndProject
Project("{8BC9CEB8-8B4A-11D0-8D11-00A0C91BC942}") = "ext_tinyxml2", "engine\external\tinyxml2\ext_tinyxml2.vcxproj", "{5B943928-895C-37D7-B335-9BC0DD457BAB}"
	ProjectSection(ProjectDependencies) = postProject
		{908F5628-FF1A-315F-85D4-7E286E10A718} = {908F5628-FF1A-315F-85D4-7E286E10A718}
	EndProjectSection
EndProject
Project("{8BC9CEB8-8B4A-11D0-8D11-00A0C91BC942}") = "ext_unzip", "engine\external\unzip\ext_unzip.vcxproj", "{945D6A34-4B6F-3EE7-879F-625C5E58386C}"
	ProjectSection(ProjectDependencies) = postProject
		{908F5628-FF1A-315F-85D4-7E286E10A718} = {908F5628-FF1A-315F-85D4-7E286E10A718}
	EndProjectSection
EndProject
Project("{8BC9CEB8-8B4A-11D0-8D11-00A0C91BC942}") = "ext_xxhash", "engine\external\xxhash\ext_xxhash.vcxproj", "{5F7FCFD0-52E4-3CB1-84C6-FC2EEE513E56}"
	ProjectSection(ProjectDependencies) = postProject
		{908F5628-FF1A-315F-85D4-7E286E10A718} = {908F5628-FF1A-315F-85D4-7E286E10A718}
	EndProjectSection
EndProject
Project("{8BC9CEB8-8B4A-11D0-8D11-00A0C91BC942}") = "ext_xxtea", "engine\external\xxtea\ext_xxtea.vcxproj", "{FAB466B7-8C5A-31FD-A5DF-EAC11475F35A}"
	ProjectSection(ProjectDependencies) = postProject
		{908F5628-FF1A-315F-85D4-7E286E10A718} = {908F5628-FF1A-315F-85D4-7E286E10A718}
	EndProjectSection
EndProject
Project("{8BC9CEB8-8B4A-11D0-8D11-00A0C91BC942}") = "external", "engine\external\external.vcxproj", "{71744994-385C-30AC-8E68-C0A0E0678C26}"
	ProjectSection(ProjectDependencies) = postProject
		{908F5628-FF1A-315F-85D4-7E286E10A718} = {908F5628-FF1A-315F-85D4-7E286E10A718}
		{D79F3B2F-33CB-3795-B3E7-FED9A393EC9C} = {D79F3B2F-33CB-3795-B3E7-FED9A393EC9C}
		{5E392EC6-F028-369D-A7DF-2E6E8704B985} = {5E392EC6-F028-369D-A7DF-2E6E8704B985}
		{8F476DFD-5BF1-3C68-A260-A4E969745350} = {8F476DFD-5BF1-3C68-A260-A4E969745350}
		{8B0B04A1-A7FC-3602-8CD9-93972CCF2841} = {8B0B04A1-A7FC-3602-8CD9-93972CCF2841}
		{3832E79A-969B-3AC1-8D97-09DFA311E4CB} = {3832E79A-969B-3AC1-8D97-09DFA311E4CB}
		{F1B69197-5A5A-3754-B789-9D3329D8E9F7} = {F1B69197-5A5A-3754-B789-9D3329D8E9F7}
		{5B943928-895C-37D7-B335-9BC0DD457BAB} = {5B943928-895C-37D7-B335-9BC0DD457BAB}
		{945D6A34-4B6F-3EE7-879F-625C5E58386C} = {945D6A34-4B6F-3EE7-879F-625C5E58386C}
		{5F7FCFD0-52E4-3CB1-84C6-FC2EEE513E56} = {5F7FCFD0-52E4-3CB1-84C6-FC2EEE513E56}
		{FAB466B7-8C5A-31FD-A5DF-EAC11475F35A} = {FAB466B7-8C5A-31FD-A5DF-EAC11475F35A}
	EndProjectSection
EndProject
Project("{8BC9CEB8-8B4A-11D0-8D11-00A0C91BC942}") = "game", "game.vcxproj", "{D26D8196-1CDE-3130-B64B-C5212C40E5C5}"
	ProjectSection(ProjectDependencies) = postProject
		{2C70A79C-D230-3C79-ADE7-82A948AFAD3D} = {2C70A79C-D230-3C79-ADE7-82A948AFAD3D}
		{908F5628-FF1A-315F-85D4-7E286E10A718} = {908F5628-FF1A-315F-85D4-7E286E10A718}
		{0E9F6A9C-273C-35D2-A292-8A60708C4225} = {0E9F6A9C-273C-35D2-A292-8A60708C4225}
		{D79F3B2F-33CB-3795-B3E7-FED9A393EC9C} = {D79F3B2F-33CB-3795-B3E7-FED9A393EC9C}
		{5E392EC6-F028-369D-A7DF-2E6E8704B985} = {5E392EC6-F028-369D-A7DF-2E6E8704B985}
		{8F476DFD-5BF1-3C68-A260-A4E969745350} = {8F476DFD-5BF1-3C68-A260-A4E969745350}
		{8B0B04A1-A7FC-3602-8CD9-93972CCF2841} = {8B0B04A1-A7FC-3602-8CD9-93972CCF2841}
		{3832E79A-969B-3AC1-8D97-09DFA311E4CB} = {3832E79A-969B-3AC1-8D97-09DFA311E4CB}
		{F1B69197-5A5A-3754-B789-9D3329D8E9F7} = {F1B69197-5A5A-3754-B789-9D3329D8E9F7}
		{5B943928-895C-37D7-B335-9BC0DD457BAB} = {5B943928-895C-37D7-B335-9BC0DD457BAB}
		{945D6A34-4B6F-3EE7-879F-625C5E58386C} = {945D6A34-4B6F-3EE7-879F-625C5E58386C}
		{5F7FCFD0-52E4-3CB1-84C6-FC2EEE513E56} = {5F7FCFD0-52E4-3CB1-84C6-FC2EEE513E56}
		{FAB466B7-8C5A-31FD-A5DF-EAC11475F35A} = {FAB466B7-8C5A-31FD-A5DF-EAC11475F35A}
		{71744994-385C-30AC-8E68-C0A0E0678C26} = {71744994-385C-30AC-8E68-C0A0E0678C26}
	EndProjectSection
EndProject
Global
	GlobalSection(SolutionConfigurationPlatforms) = preSolution
		Debug|win32 = Debug|win32
		Release|win32 = Release|win32
		MinSizeRel|win32 = MinSizeRel|win32
		RelWithDebInfo|win32 = RelWithDebInfo|win32
	EndGlobalSection
	GlobalSection(ProjectConfigurationPlatforms) = postSolution
		{24E84A9A-3D18-365F-9CAA-1B6CADC61464}.Debug|win32.ActiveCfg = Debug|win32
		{24E84A9A-3D18-365F-9CAA-1B6CADC61464}.Release|win32.ActiveCfg = Release|win32
		{24E84A9A-3D18-365F-9CAA-1B6CADC61464}.MinSizeRel|win32.ActiveCfg = MinSizeRel|win32
		{24E84A9A-3D18-365F-9CAA-1B6CADC61464}.RelWithDebInfo|win32.ActiveCfg = RelWithDebInfo|win32
		{2C70A79C-D230-3C79-ADE7-82A948AFAD3D}.Debug|win32.ActiveCfg = Debug|win32
		{2C70A79C-D230-3C79-ADE7-82A948AFAD3D}.Debug|win32.Build.0 = Debug|win32
		{2C70A79C-D230-3C79-ADE7-82A948AFAD3D}.Release|win32.ActiveCfg = Release|win32
		{2C70A79C-D230-3C79-ADE7-82A948AFAD3D}.Release|win32.Build.0 = Release|win32
		{2C70A79C-D230-3C79-ADE7-82A948AFAD3D}.MinSizeRel|win32.ActiveCfg = MinSizeRel|win32
		{2C70A79C-D230-3C79-ADE7-82A948AFAD3D}.MinSizeRel|win32.Build.0 = MinSizeRel|win32
		{2C70A79C-D230-3C79-ADE7-82A948AFAD3D}.RelWithDebInfo|win32.ActiveCfg = RelWithDebInfo|win32
		{2C70A79C-D230-3C79-ADE7-82A948AFAD3D}.RelWithDebInfo|win32.Build.0 = RelWithDebInfo|win32
		{908F5628-FF1A-315F-85D4-7E286E10A718}.Debug|win32.ActiveCfg = Debug|win32
		{908F5628-FF1A-315F-85D4-7E286E10A718}.Debug|win32.Build.0 = Debug|win32
		{908F5628-FF1A-315F-85D4-7E286E10A718}.Release|win32.ActiveCfg = Release|win32
		{908F5628-FF1A-315F-85D4-7E286E10A718}.Release|win32.Build.0 = Release|win32
		{908F5628-FF1A-315F-85D4-7E286E10A718}.MinSizeRel|win32.ActiveCfg = MinSizeRel|win32
		{908F5628-FF1A-315F-85D4-7E286E10A718}.MinSizeRel|win32.Build.0 = MinSizeRel|win32
		{908F5628-FF1A-315F-85D4-7E286E10A718}.RelWithDebInfo|win32.ActiveCfg = RelWithDebInfo|win32
		{908F5628-FF1A-315F-85D4-7E286E10A718}.RelWithDebInfo|win32.Build.0 = RelWithDebInfo|win32
		{0E9F6A9C-273C-35D2-A292-8A60708C4225}.Debug|win32.ActiveCfg = Debug|win32
		{0E9F6A9C-273C-35D2-A292-8A60708C4225}.Debug|win32.Build.0 = Debug|win32
		{0E9F6A9C-273C-35D2-A292-8A60708C4225}.Release|win32.ActiveCfg = Release|win32
		{0E9F6A9C-273C-35D2-A292-8A60708C4225}.Release|win32.Build.0 = Release|win32
		{0E9F6A9C-273C-35D2-A292-8A60708C4225}.MinSizeRel|win32.ActiveCfg = MinSizeRel|win32
		{0E9F6A9C-273C-35D2-A292-8A60708C4225}.MinSizeRel|win32.Build.0 = MinSizeRel|win32
		{0E9F6A9C-273C-35D2-A292-8A60708C4225}.RelWithDebInfo|win32.ActiveCfg = RelWithDebInfo|win32
		{0E9F6A9C-273C-35D2-A292-8A60708C4225}.RelWithDebInfo|win32.Build.0 = RelWithDebInfo|win32
		{D79F3B2F-33CB-3795-B3E7-FED9A393EC9C}.Debug|win32.ActiveCfg = Debug|win32
		{D79F3B2F-33CB-3795-B3E7-FED9A393EC9C}.Debug|win32.Build.0 = Debug|win32
		{D79F3B2F-33CB-3795-B3E7-FED9A393EC9C}.Release|win32.ActiveCfg = Release|win32
		{D79F3B2F-33CB-3795-B3E7-FED9A393EC9C}.Release|win32.Build.0 = Release|win32
		{D79F3B2F-33CB-3795-B3E7-FED9A393EC9C}.MinSizeRel|win32.ActiveCfg = MinSizeRel|win32
		{D79F3B2F-33CB-3795-B3E7-FED9A393EC9C}.MinSizeRel|win32.Build.0 = MinSizeRel|win32
		{D79F3B2F-33CB-3795-B3E7-FED9A393EC9C}.RelWithDebInfo|win32.ActiveCfg = RelWithDebInfo|win32
		{D79F3B2F-33CB-3795-B3E7-FED9A393EC9C}.RelWithDebInfo|win32.Build.0 = RelWithDebInfo|win32
		{5E392EC6-F028-369D-A7DF-2E6E8704B985}.Debug|win32.ActiveCfg = Debug|win32
		{5E392EC6-F028-369D-A7DF-2E6E8704B985}.Debug|win32.Build.0 = Debug|win32
		{5E392EC6-F028-369D-A7DF-2E6E8704B985}.Release|win32.ActiveCfg = Release|win32
		{5E392EC6-F028-369D-A7DF-2E6E8704B985}.Release|win32.Build.0 = Release|win32
		{5E392EC6-F028-369D-A7DF-2E6E8704B985}.MinSizeRel|win32.ActiveCfg = MinSizeRel|win32
		{5E392EC6-F028-369D-A7DF-2E6E8704B985}.MinSizeRel|win32.Build.0 = MinSizeRel|win32
		{5E392EC6-F028-369D-A7DF-2E6E8704B985}.RelWithDebInfo|win32.ActiveCfg = RelWithDebInfo|win32
		{5E392EC6-F028-369D-A7DF-2E6E8704B985}.RelWithDebInfo|win32.Build.0 = RelWithDebInfo|win32
		{8F476DFD-5BF1-3C68-A260-A4E969745350}.Debug|win32.ActiveCfg = Debug|win32
		{8F476DFD-5BF1-3C68-A260-A4E969745350}.Debug|win32.Build.0 = Debug|win32
		{8F476DFD-5BF1-3C68-A260-A4E969745350}.Release|win32.ActiveCfg = Release|win32
		{8F476DFD-5BF1-3C68-A260-A4E969745350}.Release|win32.Build.0 = Release|win32
		{8F476DFD-5BF1-3C68-A260-A4E969745350}.MinSizeRel|win32.ActiveCfg = MinSizeRel|win32
		{8F476DFD-5BF1-3C68-A260-A4E969745350}.MinSizeRel|win32.Build.0 = MinSizeRel|win32
		{8F476DFD-5BF1-3C68-A260-A4E969745350}.RelWithDebInfo|win32.ActiveCfg = RelWithDebInfo|win32
		{8F476DFD-5BF1-3C68-A260-A4E969745350}.RelWithDebInfo|win32.Build.0 = RelWithDebInfo|win32
		{8B0B04A1-A7FC-3602-8CD9-93972CCF2841}.Debug|win32.ActiveCfg = Debug|win32
		{8B0B04A1-A7FC-3602-8CD9-93972CCF2841}.Debug|win32.Build.0 = Debug|win32
		{8B0B04A1-A7FC-3602-8CD9-93972CCF2841}.Release|win32.ActiveCfg = Release|win32
		{8B0B04A1-A7FC-3602-8CD9-93972CCF2841}.Release|win32.Build.0 = Release|win32
		{8B0B04A1-A7FC-3602-8CD9-93972CCF2841}.MinSizeRel|win32.ActiveCfg = MinSizeRel|win32
		{8B0B04A1-A7FC-3602-8CD9-93972CCF2841}.MinSizeRel|win32.Build.0 = MinSizeRel|win32
		{8B0B04A1-A7FC-3602-8CD9-93972CCF2841}.RelWithDebInfo|win32.ActiveCfg = RelWithDebInfo|win32
		{8B0B04A1-A7FC-3602-8CD9-93972CCF2841}.RelWithDebInfo|win32.Build.0 = RelWithDebInfo|win32
		{3832E79A-969B-3AC1-8D97-09DFA311E4CB}.Debug|win32.ActiveCfg = Debug|win32
		{3832E79A-969B-3AC1-8D97-09DFA311E4CB}.Debug|win32.Build.0 = Debug|win32
		{3832E79A-969B-3AC1-8D97-09DFA311E4CB}.Release|win32.ActiveCfg = Release|win32
		{3832E79A-969B-3AC1-8D97-09DFA311E4CB}.Release|win32.Build.0 = Release|win32
		{3832E79A-969B-3AC1-8D97-09DFA311E4CB}.MinSizeRel|win32.ActiveCfg = MinSizeRel|win32
		{3832E79A-969B-3AC1-8D97-09DFA311E4CB}.MinSizeRel|win32.Build.0 = MinSizeRel|win32
		{3832E79A-969B-3AC1-8D97-09DFA311E4CB}.RelWithDebInfo|win32.ActiveCfg = RelWithDebInfo|win32
		{3832E79A-969B-3AC1-8D97-09DFA311E4CB}.RelWithDebInfo|win32.Build.0 = RelWithDebInfo|win32
		{F1B69197-5A5A-3754-B789-9D3329D8E9F7}.Debug|win32.ActiveCfg = Debug|win32
		{F1B69197-5A5A-3754-B789-9D3329D8E9F7}.Debug|win32.Build.0 = Debug|win32
		{F1B69197-5A5A-3754-B789-9D3329D8E9F7}.Release|win32.ActiveCfg = Release|win32
		{F1B69197-5A5A-3754-B789-9D3329D8E9F7}.Release|win32.Build.0 = Release|win32
		{F1B69197-5A5A-3754-B789-9D3329D8E9F7}.MinSizeRel|win32.ActiveCfg = MinSizeRel|win32
		{F1B69197-5A5A-3754-B789-9D3329D8E9F7}.MinSizeRel|win32.Build.0 = MinSizeRel|win32
		{F1B69197-5A5A-3754-B789-9D3329D8E9F7}.RelWithDebInfo|win32.ActiveCfg = RelWithDebInfo|win32
		{F1B69197-5A5A-3754-B789-9D3329D8E9F7}.RelWithDebInfo|win32.Build.0 = RelWithDebInfo|win32
		{5B943928-895C-37D7-B335-9BC0DD457BAB}.Debug|win32.ActiveCfg = Debug|win32
		{5B943928-895C-37D7-B335-9BC0DD457BAB}.Debug|win32.Build.0 = Debug|win32
		{5B943928-895C-37D7-B335-9BC0DD457BAB}.Release|win32.ActiveCfg = Release|win32
		{5B943928-895C-37D7-B335-9BC0DD457BAB}.Release|win32.Build.0 = Release|win32
		{5B943928-895C-37D7-B335-9BC0DD457BAB}.MinSizeRel|win32.ActiveCfg = MinSizeRel|win32
		{5B943928-895C-37D7-B335-9BC0DD457BAB}.MinSizeRel|win32.Build.0 = MinSizeRel|win32
		{5B943928-895C-37D7-B335-9BC0DD457BAB}.RelWithDebInfo|win32.ActiveCfg = RelWithDebInfo|win32
		{5B943928-895C-37D7-B335-9BC0DD457BAB}.RelWithDebInfo|win32.Build.0 = RelWithDebInfo|win32
		{945D6A34-4B6F-3EE7-879F-625C5E58386C}.Debug|win32.ActiveCfg = Debug|win32
		{945D6A34-4B6F-3EE7-879F-625C5E58386C}.Debug|win32.Build.0 = Debug|win32
		{945D6A34-4B6F-3EE7-879F-625C5E58386C}.Release|win32.ActiveCfg = Release|win32
		{945D6A34-4B6F-3EE7-879F-625C5E58386C}.Release|win32.Build.0 = Release|win32
		{945D6A34-4B6F-3EE7-879F-625C5E58386C}.MinSizeRel|win32.ActiveCfg = MinSizeRel|win32
		{945D6A34-4B6F-3EE7-879F-625C5E58386C}.MinSizeRel|win32.Build.0 = MinSizeRel|win32
		{945D6A34-4B6F-3EE7-879F-625C5E58386C}.RelWithDebInfo|win32.ActiveCfg = RelWithDebInfo|win32
		{945D6A34-4B6F-3EE7-879F-625C5E58386C}.RelWithDebInfo|win32.Build.0 = RelWithDebInfo|win32
		{5F7FCFD0-52E4-3CB1-84C6-FC2EEE513E56}.Debug|win32.ActiveCfg = Debug|win32
		{5F7FCFD0-52E4-3CB1-84C6-FC2EEE513E56}.Debug|win32.Build.0 = Debug|win32
		{5F7FCFD0-52E4-3CB1-84C6-FC2EEE513E56}.Release|win32.ActiveCfg = Release|win32
		{5F7FCFD0-52E4-3CB1-84C6-FC2EEE513E56}.Release|win32.Build.0 = Release|win32
		{5F7FCFD0-52E4-3CB1-84C6-FC2EEE513E56}.MinSizeRel|win32.ActiveCfg = MinSizeRel|win32
		{5F7FCFD0-52E4-3CB1-84C6-FC2EEE513E56}.MinSizeRel|win32.Build.0 = MinSizeRel|win32
		{5F7FCFD0-52E4-3CB1-84C6-FC2EEE513E56}.RelWithDebInfo|win32.ActiveCfg = RelWithDebInfo|win32
		{5F7FCFD0-52E4-3CB1-84C6-FC2EEE513E56}.RelWithDebInfo|win32.Build.0 = RelWithDebInfo|win32
		{FAB466B7-8C5A-31FD-A5DF-EAC11475F35A}.Debug|win32.ActiveCfg = Debug|win32
		{FAB466B7-8C5A-31FD-A5DF-EAC11475F35A}.Debug|win32.Build.0 = Debug|win32
		{FAB466B7-8C5A-31FD-A5DF-EAC11475F35A}.Release|win32.ActiveCfg = Release|win32
		{FAB466B7-8C5A-31FD-A5DF-EAC11475F35A}.Release|win32.Build.0 = Release|win32
		{FAB466B7-8C5A-31FD-A5DF-EAC11475F35A}.MinSizeRel|win32.ActiveCfg = MinSizeRel|win32
		{FAB466B7-8C5A-31FD-A5DF-EAC11475F35A}.MinSizeRel|win32.Build.0 = MinSizeRel|win32
		{FAB466B7-8C5A-31FD-A5DF-EAC11475F35A}.RelWithDebInfo|win32.ActiveCfg = RelWithDebInfo|win32
		{FAB466B7-8C5A-31FD-A5DF-EAC11475F35A}.RelWithDebInfo|win32.Build.0 = RelWithDebInfo|win32
		{71744994-385C-30AC-8E68-C0A0E0678C26}.Debug|win32.ActiveCfg = Debug|win32
		{71744994-385C-30AC-8E68-C0A0E0678C26}.Debug|win32.Build.0 = Debug|win32
		{71744994-385C-30AC-8E68-C0A0E0678C26}.Release|win32.ActiveCfg = Release|win32
		{71744994-385C-30AC-8E68-C0A0E0678C26}.Release|win32.Build.0 = Release|win32
		{71744994-385C-30AC-8E68-C0A0E0678C26}.MinSizeRel|win32.ActiveCfg = MinSizeRel|win32
		{71744994-385C-30AC-8E68-C0A0E0678C26}.MinSizeRel|win32.Build.0 = MinSizeRel|win32
		{71744994-385C-30AC-8E68-C0A0E0678C26}.RelWithDebInfo|win32.ActiveCfg = RelWithDebInfo|win32
		{71744994-385C-30AC-8E68-C0A0E0678C26}.RelWithDebInfo|win32.Build.0 = RelWithDebInfo|win32
		{D26D8196-1CDE-3130-B64B-C5212C40E5C5}.Debug|win32.ActiveCfg = Debug|win32
		{D26D8196-1CDE-3130-B64B-C5212C40E5C5}.Debug|win32.Build.0 = Debug|win32
		{D26D8196-1CDE-3130-B64B-C5212C40E5C5}.Release|win32.ActiveCfg = Release|win32
		{D26D8196-1CDE-3130-B64B-C5212C40E5C5}.Release|win32.Build.0 = Release|win32
		{D26D8196-1CDE-3130-B64B-C5212C40E5C5}.MinSizeRel|win32.ActiveCfg = MinSizeRel|win32
		{D26D8196-1CDE-3130-B64B-C5212C40E5C5}.MinSizeRel|win32.Build.0 = MinSizeRel|win32
		{D26D8196-1CDE-3130-B64B-C5212C40E5C5}.RelWithDebInfo|win32.ActiveCfg = RelWithDebInfo|win32
		{D26D8196-1CDE-3130-B64B-C5212C40E5C5}.RelWithDebInfo|win32.Build.0 = RelWithDebInfo|win32
	EndGlobalSection
	GlobalSection(NestedProjects) = preSolution
		{24E84A9A-3D18-365F-9CAA-1B6CADC61464} = {483E21BE-8874-3F63-8142-39A5EC16DFBC}
		{908F5628-FF1A-315F-85D4-7E286E10A718} = {483E21BE-8874-3F63-8142-39A5EC16DFBC}
		{D79F3B2F-33CB-3795-B3E7-FED9A393EC9C} = {C0A0D224-DC0B-3C0C-A292-206DD71CB5C7}
		{5E392EC6-F028-369D-A7DF-2E6E8704B985} = {C0A0D224-DC0B-3C0C-A292-206DD71CB5C7}
		{8F476DFD-5BF1-3C68-A260-A4E969745350} = {C0A0D224-DC0B-3C0C-A292-206DD71CB5C7}
		{8B0B04A1-A7FC-3602-8CD9-93972CCF2841} = {C0A0D224-DC0B-3C0C-A292-206DD71CB5C7}
		{3832E79A-969B-3AC1-8D97-09DFA311E4CB} = {C0A0D224-DC0B-3C0C-A292-206DD71CB5C7}
		{F1B69197-5A5A-3754-B789-9D3329D8E9F7} = {C0A0D224-DC0B-3C0C-A292-206DD71CB5C7}
		{5B943928-895C-37D7-B335-9BC0DD457BAB} = {C0A0D224-DC0B-3C0C-A292-206DD71CB5C7}
		{945D6A34-4B6F-3EE7-879F-625C5E58386C} = {C0A0D224-DC0B-3C0C-A292-206DD71CB5C7}
		{5F7FCFD0-52E4-3CB1-84C6-FC2EEE513E56} = {C0A0D224-DC0B-3C0C-A292-206DD71CB5C7}
		{FAB466B7-8C5A-31FD-A5DF-EAC11475F35A} = {C0A0D224-DC0B-3C0C-A292-206DD71CB5C7}
		{71744994-385C-30AC-8E68-C0A0E0678C26} = {C0A0D224-DC0B-3C0C-A292-206DD71CB5C7}
		{0E9F6A9C-273C-35D2-A292-8A60708C4225} = {7DC1CE1A-313A-3A8C-9118-36B72CE4D06F}
		{2C70A79C-D230-3C79-ADE7-82A948AFAD3D} = {36E9C8BC-FFD3-3813-ABCE-334A2FE1F947}
	EndGlobalSection
	GlobalSection(ExtensibilityGlobals) = postSolution
		SolutionGuid = {E99F4756-DAAD-332D-AC01-8BBF82105E67}
	EndGlobalSection
	GlobalSection(ExtensibilityAddIns) = postSolution
	EndGlobalSection
EndGlobal
